
Microsoft Visual Studio Solution File, Format Version 12.00
# Visual Studio Version 17
VisualStudioVersion = 17.3.32811.315
MinimumVisualStudioVersion = 10.0.40219.1
Project("{FAE04EC0-301F-11D3-BF4B-00C04F79EFBC}") = "ControlePassageiros.WebApplication", "ControlePassageiros.WebApplication\ControlePassageiros.WebApplication.csproj", "{6D7779EC-179E-4338-B822-322F06D32B2E}"
EndProject
Global
	GlobalSection(SolutionConfigurationPlatforms) = preSolution
		Debug|Any CPU = Debug|Any CPU
		Release|Any CPU = Release|Any CPU
	EndGlobalSection
	GlobalSection(ProjectConfigurationPlatforms) = postSolution
		{6D7779EC-179E-4338-B822-322F06D32B2E}.Debug|Any CPU.ActiveCfg = Debug|Any CPU
		{6D7779EC-179E-4338-B822-322F06D32B2E}.Debug|Any CPU.Build.0 = Debug|Any CPU
		{6D7779EC-179E-4338-B822-322F06D32B2E}.Release|Any CPU.ActiveCfg = Release|Any CPU
		{6D7779EC-179E-4338-B822-322F06D32B2E}.Release|Any CPU.Build.0 = Release|Any CPU
	EndGlobalSection
	GlobalSection(SolutionProperties) = preSolution
		HideSolutionNode = FALSE
	EndGlobalSection
	GlobalSection(ExtensibilityGlobals) = postSolution
		SolutionGuid = {297F5E76-F392-47D6-9709-33E727FD890E}
	EndGlobalSection
	GlobalSection(TeamFoundationVersionControl) = preSolution
		SccNumberOfProjects = 2
		SccEnterpriseProvider = {4CA58AB2-18FA-4F8D-95D4-32DDF27D184C}
		SccTeamFoundationServer = https://pereira643.visualstudio.com/
		SccLocalPath0 = .
		SccProjectUniqueName1 = ControlePassageiros.WebApplication\\ControlePassageiros.WebApplication.csproj
		SccProjectName1 = ControlePassageiros.WebApplication
		SccLocalPath1 = ControlePassageiros.WebApplication
	EndGlobalSection
EndGlobal
